
Microsoft Visual Studio Solution File, Format Version 12.00
# Visual Studio Version 16
VisualStudioVersion = 16.0.30225.117
MinimumVisualStudioVersion = 10.0.40219.1
Project("{FAE04EC0-301F-11D3-BF4B-00C04F79EFBC}") = "BooksMvc", "BooksMvc\BooksMvc.csproj", "{3BF7E212-7A04-444F-B136-E35275BB8955}"
EndProject
Global
	GlobalSection(SolutionConfigurationPlatforms) = preSolution
		Debug|Any CPU = Debug|Any CPU
		Release|Any CPU = Release|Any CPU
	EndGlobalSection
	GlobalSection(ProjectConfigurationPlatforms) = postSolution
		{3BF7E212-7A04-444F-B136-E35275BB8955}.Debug|Any CPU.ActiveCfg = Debug|Any CPU
		{3BF7E212-7A04-444F-B136-E35275BB8955}.Debug|Any CPU.Build.0 = Debug|Any CPU
		{3BF7E212-7A04-444F-B136-E35275BB8955}.Release|Any CPU.ActiveCfg = Release|Any CPU
		{3BF7E212-7A04-444F-B136-E35275BB8955}.Release|Any CPU.Build.0 = Release|Any CPU
	EndGlobalSection
	GlobalSection(SolutionProperties) = preSolution
		HideSolutionNode = FALSE
	EndGlobalSection
	GlobalSection(ExtensibilityGlobals) = postSolution
		SolutionGuid = {2B0C1B29-08FD-43DE-95C2-8BBC3C06AAC7}
	EndGlobalSection
EndGlobal
